{
  "nodes": {
    "fenix": {
      "inputs": {
        "nixpkgs": [
          "nixpkgs"
        ],
        "rust-analyzer-src": "rust-analyzer-src"
      },
      "locked": {
        "lastModified": 1772261909,
        "narHash": "sha256-8XbJXrhMFhLgoBrjFIJx5XJi+SD+7/gbvaIXCuqy9Z0=",
        "owner": "nix-community",
        "repo": "fenix",
        "rev": "e4c413b9546d6c9e6426b33b4d6de1a49a375024",
        "type": "github"
      },
      "original": {
        "owner": "nix-community",
        "repo": "fenix",
        "type": "github"
      }
    },
    "naersk": {
      "inputs": {
        "nixpkgs": [
          "nixpkgs"
        ]
      },
      "locked": {
        "lastModified": 1718727675,
        "narHash": "sha256-uFsCwWYI2pUpt0awahSBorDUrUfBhaAiyz+BPTS2MHk=",
        "owner": "nix-community",
        "repo": "naersk",
        "rev": "941ce6dc38762a7cfb90b5add223d584feed299b",
        "type": "github"
      },
      "original": {
        "owner": "nix-community",
        "repo": "naersk",
        "type": "github"
      }
    },
    "nixpkgs": {
      "locked": {
        "lastModified": 1778070605,
        "narHash": "sha256-4W7BjaT476Re7af+rA2n2VI2JObVSx7Kth0GYlPKAMY=",
        "owner": "NixOS",
        "repo": "nixpkgs",
        "rev": "3c02b9ba6c0d937a9f43bf7c5f25890f9dd0e1c9",
        "type": "github"
      },
      "original": {
        "owner": "NixOS",
        "ref": "release-25.11",
        "repo": "nixpkgs",
        "type": "github"
      }
    },
    "root": {
      "inputs": {
        "fenix": "fenix",
        "naersk": "naersk",
        "nixpkgs": "nixpkgs"
      }
    },
    "rust-analyzer-src": {
      "flake": false,
      "locked": {
        "lastModified": 1772178959,
        "narHash": "sha256-DkjUvrEnnhHjOcjMx6aXfYGIZ0PWmcYzvVayhRj1r4M=",
        "owner": "rust-lang",
        "repo": "rust-analyzer",
        "rev": "8494a8b3b769c17e8594d811012cc1b0fab090c7",
        "type": "github"
      },
      "original": {
        "owner": "rust-lang",
        "ref": "nightly",
        "repo": "rust-analyzer",
        "type": "github"
      }
    }
  },
  "root": "root",
  "version": 7
}
